{
  "object": {
    "pins": [
      {
        "package": "CassowarySwift",
        "repositoryURL": "https://github.com/LuizZak/CassowarySwift.git",
        "state": {
          "branch": "cassowary-swift",
          "revision": "8cd38ef939d15b1bde1a31105142eb8cfb290c3b",
          "version": null
        }
      },
      {
        "package": "Geometria",
        "repositoryURL": "https://github.com/LuizZak/Geometria.git",
        "state": {
          "branch": "main",
          "revision": "8a63ecd25c7bbb00ea9493e796730a9565f90cd7",
          "version": null
        }
      },
      {
        "package": "SwiftBlend2D",
        "repositoryURL": "https://github.com/LuizZak/swift-blend2d.git",
        "state": {
          "branch": "master",
          "revision": "1bc5e0586703033bd9533d476afc10fa53258013",
          "version": null
        }
      },
      {
        "package": "LibPNG",
        "repositoryURL": "https://github.com/LuizZak/swift-libpng.git",
        "state": {
          "branch": "master",
          "revision": "eab8386611c0e14d978c5bb52c09253441c8ebdd",
          "version": null
        }
      },
      {
        "package": "swift-numerics",
        "repositoryURL": "https://github.com/apple/swift-numerics",
        "state": {
          "branch": null,
          "revision": "0a23770641f65a4de61daf5425a37ae32a3fd00d",
          "version": "1.0.1"
        }
      }
    ]
  },
  "version": 1
}
