{
  "object": {
    "pins": [
      {
        "package": "Cassowary",
        "repositoryURL": "https://github.com/LuizZak/CassowarySwift.git",
        "state": {
          "branch": "master",
          "revision": "0da17955a8e284340b1e0baeb1a41c9587a06171",
          "version": null
        }
      },
      {
        "package": "Geometria",
        "repositoryURL": "https://github.com/LuizZak/Geometria.git",
        "state": {
          "branch": "main",
          "revision": "8a63ecd25c7bbb00ea9493e796730a9565f90cd7",
          "version": null
        }
      },
      {
        "package": "SwiftBlend2D",
        "repositoryURL": "https://github.com/LuizZak/swift-blend2d.git",
        "state": {
          "branch": "master",
          "revision": "02305a37128955aedfada52284c8bd83fc9ea57e",
          "version": null
        }
      },
      {
        "package": "swift-numerics",
        "repositoryURL": "https://github.com/apple/swift-numerics",
        "state": {
          "branch": null,
          "revision": "0a23770641f65a4de61daf5425a37ae32a3fd00d",
          "version": "1.0.1"
        }
      }
    ]
  },
  "version": 1
}
