{
  "object": {
    "pins": [
      {
        "package": "CassowarySwift",
        "repositoryURL": "https://github.com/LuizZak/CassowarySwift.git",
        "state": {
          "branch": "cassowary-swift-optimizations",
          "revision": "eecee2e108fca14a002cf8bd6562f35722bc3627",
          "version": null
        }
      },
      {
        "package": "swift-bezier",
        "repositoryURL": "https://github.com/LuizZak/swift-bezier.git",
        "state": {
          "branch": null,
          "revision": "7061d2e5396e006e6b80313510c3689917d9569d",
          "version": "0.6.0"
        }
      },
      {
        "package": "SwiftBlend2D",
        "repositoryURL": "https://github.com/LuizZak/swift-blend2d.git",
        "state": {
          "branch": "master",
          "revision": "855fe139f972fea76afceba23a289846df03ec5d",
          "version": null
        }
      },
      {
        "package": "LibPNG",
        "repositoryURL": "https://github.com/LuizZak/swift-libpng.git",
        "state": {
          "branch": "master",
          "revision": "c059e4a34d0a84a2a1cc7eac8acdb8fa3ab8142f",
          "version": null
        }
      }
    ]
  },
  "version": 1
}
