{
  "object": {
    "pins": [
      {
        "package": "CassowarySwift",
        "repositoryURL": "https://github.com/LuizZak/CassowarySwift.git",
        "state": {
          "branch": "cassowary-swift-optimizations",
          "revision": "3f6a3c01320c5b4f53d919ed3cf5f5c365c1a570",
          "version": null
        }
      },
      {
        "package": "SwiftBlend2D",
        "repositoryURL": "https://github.com/LuizZak/swift-blend2d.git",
        "state": {
          "branch": "master",
          "revision": "b053f1a559d1d8864e91ca75e9a5fa3e0bc6ce07",
          "version": null
        }
      },
      {
        "package": "LibPNG",
        "repositoryURL": "https://github.com/LuizZak/swift-libpng.git",
        "state": {
          "branch": "master",
          "revision": "1d5b94c822dde80c4c2d7d742cd50d1d83c5abb1",
          "version": null
        }
      }
    ]
  },
  "version": 1
}
