{
  "object": {
    "pins": [
      {
        "package": "Cassowary",
        "repositoryURL": "https://github.com/LuizZak/CassowarySwift.git",
        "state": {
          "branch": "master",
          "revision": "0da17955a8e284340b1e0baeb1a41c9587a06171",
          "version": null
        }
      },
      {
        "package": "SwiftBlend2D",
        "repositoryURL": "https://github.com/LuizZak/swift-blend2d.git",
        "state": {
          "branch": "master",
          "revision": "dc8bfa0e75caf5f8e053dcbc10729d2ead2cdd57",
          "version": null
        }
      },
      {
        "package": "LibPNG",
        "repositoryURL": "https://github.com/LuizZak/swift-libpng.git",
        "state": {
          "branch": "master",
          "revision": "a847b56393a128f7bf4f60be269895cf8ed5e990",
          "version": null
        }
      }
    ]
  },
  "version": 1
}
