{
  "object": {
    "pins": [
      {
        "package": "Cassowary",
        "repositoryURL": "https://github.com/LuizZak/CassowarySwift.git",
        "state": {
          "branch": "master",
          "revision": "2adf19f888a7280081e1976cdcd944825445e6e9",
          "version": null
        }
      },
      {
        "package": "SwiftBlend2D",
        "repositoryURL": "https://github.com/LuizZak/swift-blend2d.git",
        "state": {
          "branch": "master",
          "revision": "1dd95f7077e7df537ef947e15024c2799e066f41",
          "version": null
        }
      },
      {
        "package": "LibPNG",
        "repositoryURL": "https://github.com/LuizZak/swift-libpng.git",
        "state": {
          "branch": "master",
          "revision": "a847b56393a128f7bf4f60be269895cf8ed5e990",
          "version": null
        }
      }
    ]
  },
  "version": 1
}
